// !$*UTF8*$!
{
	archiveVersion = 1;
	classes = {
	};
	objectVersion = 46;
	objects = {

/* Begin PBXBuildFile section */
		176157E01D98EC2600B7836E /* main.m in Sources */ = {isa = PBXBuildFile; fileRef = 176157DF1D98EC2600B7836E /* main.m */; };
		176157E31D98EC2600B7836E /* AppDelegate.m in Sources */ = {isa = PBXBuildFile; fileRef = 176157E21D98EC2600B7836E /* AppDelegate.m */; };
		176157E61D98EC2600B7836E /* ViewController.m in Sources */ = {isa = PBXBuildFile; fileRef = 176157E51D98EC2600B7836E /* ViewController.m */; };
		176157E91D98EC2600B7836E /* Main.storyboard in Resources */ = {isa = PBXBuildFile; fileRef = 176157E71D98EC2600B7836E /* Main.storyboard */; };
		176157EB1D98EC2600B7836E /* Assets.xcassets in Resources */ = {isa = PBXBuildFile; fileRef = 176157EA1D98EC2600B7836E /* Assets.xcassets */; };
		176157EE1D98EC2600B7836E /* LaunchScreen.storyboard in Resources */ = {isa = PBXBuildFile; fileRef = 176157EC1D98EC2600B7836E /* LaunchScreen.storyboard */; };
		176157F91D98EC2600B7836E /* LiveTests.m in Sources */ = {isa = PBXBuildFile; fileRef = 176157F81D98EC2600B7836E /* LiveTests.m */; };
		176158041D98EC2600B7836E /* LiveUITests.m in Sources */ = {isa = PBXBuildFile; fileRef = 176158031D98EC2600B7836E /* LiveUITests.m */; };
		176158131D98EDF400B7836E /* IJKMediaFramework.framework in Frameworks */ = {isa = PBXBuildFile; fileRef = 176158121D98EDF400B7836E /* IJKMediaFramework.framework */; };
		176158151D98EE0F00B7836E /* libz.tbd in Frameworks */ = {isa = PBXBuildFile; fileRef = 176158141D98EE0F00B7836E /* libz.tbd */; };
		176158171D98EE1D00B7836E /* libbz2.tbd in Frameworks */ = {isa = PBXBuildFile; fileRef = 176158161D98EE1D00B7836E /* libbz2.tbd */; };
		1761581A1D98EE3000B7836E /* CoreVideo.framework in Frameworks */ = {isa = PBXBuildFile; fileRef = 176158181D98EE3000B7836E /* CoreVideo.framework */; };
		1761581B1D98EE3000B7836E /* VideoToolbox.framework in Frameworks */ = {isa = PBXBuildFile; fileRef = 176158191D98EE3000B7836E /* VideoToolbox.framework */; };
		1761581D1D98EE3500B7836E /* UIKit.framework in Frameworks */ = {isa = PBXBuildFile; fileRef = 1761581C1D98EE3500B7836E /* UIKit.framework */; };
		1761581F1D98EE3C00B7836E /* QuartzCore.framework in Frameworks */ = {isa = PBXBuildFile; fileRef = 1761581E1D98EE3C00B7836E /* QuartzCore.framework */; };
		176158211D98EE4300B7836E /* OpenGLES.framework in Frameworks */ = {isa = PBXBuildFile; fileRef = 176158201D98EE4300B7836E /* OpenGLES.framework */; };
		176158231D98EE4C00B7836E /* MobileCoreServices.framework in Frameworks */ = {isa = PBXBuildFile; fileRef = 176158221D98EE4C00B7836E /* MobileCoreServices.framework */; };
		176158251D98EE5600B7836E /* MediaPlayer.framework in Frameworks */ = {isa = PBXBuildFile; fileRef = 176158241D98EE5600B7836E /* MediaPlayer.framework */; };
		176158271D98EE6400B7836E /* CoreMedia.framework in Frameworks */ = {isa = PBXBuildFile; fileRef = 176158261D98EE6400B7836E /* CoreMedia.framework */; };
		176158291D98EE6C00B7836E /* CoreGraphics.framework in Frameworks */ = {isa = PBXBuildFile; fileRef = 176158281D98EE6C00B7836E /* CoreGraphics.framework */; };
		1761582B1D98EE7200B7836E /* AVFoundation.framework in Frameworks */ = {isa = PBXBuildFile; fileRef = 1761582A1D98EE7200B7836E /* AVFoundation.framework */; };
		1761582D1D98EE7A00B7836E /* AudioToolbox.framework in Frameworks */ = {isa = PBXBuildFile; fileRef = 1761582C1D98EE7A00B7836E /* AudioToolbox.framework */; };
		176158311D98FEC300B7836E /* StartLiveController.m in Sources */ = {isa = PBXBuildFile; fileRef = 1761582F1D98FEC300B7836E /* StartLiveController.m */; };
		176158321D98FEC300B7836E /* StartLiveController.xib in Resources */ = {isa = PBXBuildFile; fileRef = 176158301D98FEC300B7836E /* StartLiveController.xib */; };
		176158361D98FED400B7836E /* WatchLiveController.m in Sources */ = {isa = PBXBuildFile; fileRef = 176158341D98FED400B7836E /* WatchLiveController.m */; };
		176158371D98FED400B7836E /* WatchLiveController.xib in Resources */ = {isa = PBXBuildFile; fileRef = 176158351D98FED400B7836E /* WatchLiveController.xib */; };
		485641771EBCF8B6D2620F90 /* libPods-Live.a in Frameworks */ = {isa = PBXBuildFile; fileRef = 46ABB1C0E39A05685A7A4FB2 /* libPods-Live.a */; };
/* End PBXBuildFile section */

/* Begin PBXContainerItemProxy section */
		176157F51D98EC2600B7836E /* PBXContainerItemProxy */ = {
			isa = PBXContainerItemProxy;
			containerPortal = 176157D31D98EC2600B7836E /* Project object */;
			proxyType = 1;
			remoteGlobalIDString = 176157DA1D98EC2600B7836E;
			remoteInfo = Live;
		};
		176158001D98EC2600B7836E /* PBXContainerItemProxy */ = {
			isa = PBXContainerItemProxy;
			containerPortal = 176157D31D98EC2600B7836E /* Project object */;
			proxyType = 1;
			remoteGlobalIDString = 176157DA1D98EC2600B7836E;
			remoteInfo = Live;
		};
/* End PBXContainerItemProxy section */

/* Begin PBXFileReference section */
		176157DB1D98EC2600B7836E /* Live.app */ = {isa = PBXFileReference; explicitFileType = wrapper.application; includeInIndex = 0; path = Live.app; sourceTree = BUILT_PRODUCTS_DIR; };
		176157DF1D98EC2600B7836E /* main.m */ = {isa = PBXFileReference; lastKnownFileType = sourcecode.c.objc; path = main.m; sourceTree = "<group>"; };
		176157E11D98EC2600B7836E /* AppDelegate.h */ = {isa = PBXFileReference; lastKnownFileType = sourcecode.c.h; path = AppDelegate.h; sourceTree = "<group>"; };
		176157E21D98EC2600B7836E /* AppDelegate.m */ = {isa = PBXFileReference; lastKnownFileType = sourcecode.c.objc; path = AppDelegate.m; sourceTree = "<group>"; };
		176157E41D98EC2600B7836E /* ViewController.h */ = {isa = PBXFileReference; lastKnownFileType = sourcecode.c.h; path = ViewController.h; sourceTree = "<group>"; };
		176157E51D98EC2600B7836E /* ViewController.m */ = {isa = PBXFileReference; lastKnownFileType = sourcecode.c.objc; path = ViewController.m; sourceTree = "<group>"; };
		176157E81D98EC2600B7836E /* Base */ = {isa = PBXFileReference; lastKnownFileType = file.storyboard; name = Base; path = Base.lproj/Main.storyboard; sourceTree = "<group>"; };
		176157EA1D98EC2600B7836E /* Assets.xcassets */ = {isa = PBXFileReference; lastKnownFileType = folder.assetcatalog; path = Assets.xcassets; sourceTree = "<group>"; };
		176157ED1D98EC2600B7836E /* Base */ = {isa = PBXFileReference; lastKnownFileType = file.storyboard; name = Base; path = Base.lproj/LaunchScreen.storyboard; sourceTree = "<group>"; };
		176157EF1D98EC2600B7836E /* Info.plist */ = {isa = PBXFileReference; lastKnownFileType = text.plist.xml; path = Info.plist; sourceTree = "<group>"; };
		176157F41D98EC2600B7836E /* LiveTests.xctest */ = {isa = PBXFileReference; explicitFileType = wrapper.cfbundle; includeInIndex = 0; path = LiveTests.xctest; sourceTree = BUILT_PRODUCTS_DIR; };
		176157F81D98EC2600B7836E /* LiveTests.m */ = {isa = PBXFileReference; lastKnownFileType = sourcecode.c.objc; path = LiveTests.m; sourceTree = "<group>"; };
		176157FA1D98EC2600B7836E /* Info.plist */ = {isa = PBXFileReference; lastKnownFileType = text.plist.xml; path = Info.plist; sourceTree = "<group>"; };
		176157FF1D98EC2600B7836E /* LiveUITests.xctest */ = {isa = PBXFileReference; explicitFileType = wrapper.cfbundle; includeInIndex = 0; path = LiveUITests.xctest; sourceTree = BUILT_PRODUCTS_DIR; };
		176158031D98EC2600B7836E /* LiveUITests.m */ = {isa = PBXFileReference; lastKnownFileType = sourcecode.c.objc; path = LiveUITests.m; sourceTree = "<group>"; };
		176158051D98EC2600B7836E /* Info.plist */ = {isa = PBXFileReference; lastKnownFileType = text.plist.xml; path = Info.plist; sourceTree = "<group>"; };
		176158121D98EDF400B7836E /* IJKMediaFramework.framework */ = {isa = PBXFileReference; lastKnownFileType = wrapper.framework; path = IJKMediaFramework.framework; sourceTree = "<group>"; };
		176158141D98EE0F00B7836E /* libz.tbd */ = {isa = PBXFileReference; lastKnownFileType = "sourcecode.text-based-dylib-definition"; name = libz.tbd; path = usr/lib/libz.tbd; sourceTree = SDKROOT; };
		176158161D98EE1D00B7836E /* libbz2.tbd */ = {isa = PBXFileReference; lastKnownFileType = "sourcecode.text-based-dylib-definition"; name = libbz2.tbd; path = usr/lib/libbz2.tbd; sourceTree = SDKROOT; };
		176158181D98EE3000B7836E /* CoreVideo.framework */ = {isa = PBXFileReference; lastKnownFileType = wrapper.framework; name = CoreVideo.framework; path = System/Library/Frameworks/CoreVideo.framework; sourceTree = SDKROOT; };
		176158191D98EE3000B7836E /* VideoToolbox.framework */ = {isa = PBXFileReference; lastKnownFileType = wrapper.framework; name = VideoToolbox.framework; path = System/Library/Frameworks/VideoToolbox.framework; sourceTree = SDKROOT; };
		1761581C1D98EE3500B7836E /* UIKit.framework */ = {isa = PBXFileReference; lastKnownFileType = wrapper.framework; name = UIKit.framework; path = System/Library/Frameworks/UIKit.framework; sourceTree = SDKROOT; };
		1761581E1D98EE3C00B7836E /* QuartzCore.framework */ = {isa = PBXFileReference; lastKnownFileType = wrapper.framework; name = QuartzCore.framework; path = System/Library/Frameworks/QuartzCore.framework; sourceTree = SDKROOT; };
		176158201D98EE4300B7836E /* OpenGLES.framework */ = {isa = PBXFileReference; lastKnownFileType = wrapper.framework; name = OpenGLES.framework; path = System/Library/Frameworks/OpenGLES.framework; sourceTree = SDKROOT; };
		176158221D98EE4C00B7836E /* MobileCoreServices.framework */ = {isa = PBXFileReference; lastKnownFileType = wrapper.framework; name = MobileCoreServices.framework; path = System/Library/Frameworks/MobileCoreServices.framework; sourceTree = SDKROOT; };
		176158241D98EE5600B7836E /* MediaPlayer.framework */ = {isa = PBXFileReference; lastKnownFileType = wrapper.framework; name = MediaPlayer.framework; path = System/Library/Frameworks/MediaPlayer.framework; sourceTree = SDKROOT; };
		176158261D98EE6400B7836E /* CoreMedia.framework */ = {isa = PBXFileReference; lastKnownFileType = wrapper.framework; name = CoreMedia.framework; path = System/Library/Frameworks/CoreMedia.framework; sourceTree = SDKROOT; };
		176158281D98EE6C00B7836E /* CoreGraphics.framework */ = {isa = PBXFileReference; lastKnownFileType = wrapper.framework; name = CoreGraphics.framework; path = System/Library/Frameworks/CoreGraphics.framework; sourceTree = SDKROOT; };
		1761582A1D98EE7200B7836E /* AVFoundation.framework */ = {isa = PBXFileReference; lastKnownFileType = wrapper.framework; name = AVFoundation.framework; path = System/Library/Frameworks/AVFoundation.framework; sourceTree = SDKROOT; };
		1761582C1D98EE7A00B7836E /* AudioToolbox.framework */ = {isa = PBXFileReference; lastKnownFileType = wrapper.framework; name = AudioToolbox.framework; path = System/Library/Frameworks/AudioToolbox.framework; sourceTree = SDKROOT; };
		1761582E1D98FEC300B7836E /* StartLiveController.h */ = {isa = PBXFileReference; fileEncoding = 4; lastKnownFileType = sourcecode.c.h; path = StartLiveController.h; sourceTree = "<group>"; };
		1761582F1D98FEC300B7836E /* StartLiveController.m */ = {isa = PBXFileReference; fileEncoding = 4; lastKnownFileType = sourcecode.c.objc; path = StartLiveController.m; sourceTree = "<group>"; };
		176158301D98FEC300B7836E /* StartLiveController.xib */ = {isa = PBXFileReference; fileEncoding = 4; lastKnownFileType = file.xib; path = StartLiveController.xib; sourceTree = "<group>"; };
		176158331D98FED400B7836E /* WatchLiveController.h */ = {isa = PBXFileReference; fileEncoding = 4; lastKnownFileType = sourcecode.c.h; path = WatchLiveController.h; sourceTree = "<group>"; };
		176158341D98FED400B7836E /* WatchLiveController.m */ = {isa = PBXFileReference; fileEncoding = 4; lastKnownFileType = sourcecode.c.objc; path = WatchLiveController.m; sourceTree = "<group>"; };
		176158351D98FED400B7836E /* WatchLiveController.xib */ = {isa = PBXFileReference; fileEncoding = 4; lastKnownFileType = file.xib; path = WatchLiveController.xib; sourceTree = "<group>"; };
		46ABB1C0E39A05685A7A4FB2 /* libPods-Live.a */ = {isa = PBXFileReference; explicitFileType = archive.ar; includeInIndex = 0; path = "libPods-Live.a"; sourceTree = BUILT_PRODUCTS_DIR; };
		7B058BB22671A6B20C20B94A /* Pods-Live.debug.xcconfig */ = {isa = PBXFileReference; includeInIndex = 1; lastKnownFileType = text.xcconfig; name = "Pods-Live.debug.xcconfig"; path = "Pods/Target Support Files/Pods-Live/Pods-Live.debug.xcconfig"; sourceTree = "<group>"; };
		9192AFE858ED63B80B1BE157 /* Pods-Live.release.xcconfig */ = {isa = PBXFileReference; includeInIndex = 1; lastKnownFileType = text.xcconfig; name = "Pods-Live.release.xcconfig"; path = "Pods/Target Support Files/Pods-Live/Pods-Live.release.xcconfig"; sourceTree = "<group>"; };
/* End PBXFileReference section */

/* Begin PBXFrameworksBuildPhase section */
		176157D81D98EC2600B7836E /* Frameworks */ = {
			isa = PBXFrameworksBuildPhase;
			buildActionMask = 2147483647;
			files = (
				1761582D1D98EE7A00B7836E /* AudioToolbox.framework in Frameworks */,
				1761582B1D98EE7200B7836E /* AVFoundation.framework in Frameworks */,
				176158291D98EE6C00B7836E /* CoreGraphics.framework in Frameworks */,
				176158271D98EE6400B7836E /* CoreMedia.framework in Frameworks */,
				176158251D98EE5600B7836E /* MediaPlayer.framework in Frameworks */,
				176158231D98EE4C00B7836E /* MobileCoreServices.framework in Frameworks */,
				176158211D98EE4300B7836E /* OpenGLES.framework in Frameworks */,
				1761581F1D98EE3C00B7836E /* QuartzCore.framework in Frameworks */,
				1761581D1D98EE3500B7836E /* UIKit.framework in Frameworks */,
				1761581A1D98EE3000B7836E /* CoreVideo.framework in Frameworks */,
				1761581B1D98EE3000B7836E /* VideoToolbox.framework in Frameworks */,
				176158171D98EE1D00B7836E /* libbz2.tbd in Frameworks */,
				176158151D98EE0F00B7836E /* libz.tbd in Frameworks */,
				485641771EBCF8B6D2620F90 /* libPods-Live.a in Frameworks */,
				176158131D98EDF400B7836E /* IJKMediaFramework.framework in Frameworks */,
			);
			runOnlyForDeploymentPostprocessing = 0;
		};
		176157F11D98EC2600B7836E /* Frameworks */ = {
			isa = PBXFrameworksBuildPhase;
			buildActionMask = 2147483647;
			files = (
			);
			runOnlyForDeploymentPostprocessing = 0;
		};
		176157FC1D98EC2600B7836E /* Frameworks */ = {
			isa = PBXFrameworksBuildPhase;
			buildActionMask = 2147483647;
			files = (
			);
			runOnlyForDeploymentPostprocessing = 0;
		};
/* End PBXFrameworksBuildPhase section */

/* Begin PBXGroup section */
		0BF561A4E484157BE4E4DC64 /* Frameworks */ = {
			isa = PBXGroup;
			children = (
				1761582C1D98EE7A00B7836E /* AudioToolbox.framework */,
				1761582A1D98EE7200B7836E /* AVFoundation.framework */,
				176158281D98EE6C00B7836E /* CoreGraphics.framework */,
				176158261D98EE6400B7836E /* CoreMedia.framework */,
				176158241D98EE5600B7836E /* MediaPlayer.framework */,
				176158221D98EE4C00B7836E /* MobileCoreServices.framework */,
				176158201D98EE4300B7836E /* OpenGLES.framework */,
				1761581E1D98EE3C00B7836E /* QuartzCore.framework */,
				1761581C1D98EE3500B7836E /* UIKit.framework */,
				176158181D98EE3000B7836E /* CoreVideo.framework */,
				176158191D98EE3000B7836E /* VideoToolbox.framework */,
				176158161D98EE1D00B7836E /* libbz2.tbd */,
				176158141D98EE0F00B7836E /* libz.tbd */,
				46ABB1C0E39A05685A7A4FB2 /* libPods-Live.a */,
			);
			name = Frameworks;
			sourceTree = "<group>";
		};
		176157D21D98EC2600B7836E = {
			isa = PBXGroup;
			children = (
				176157DD1D98EC2600B7836E /* Live */,
				176157F71D98EC2600B7836E /* LiveTests */,
				176158021D98EC2600B7836E /* LiveUITests */,
				176157DC1D98EC2600B7836E /* Products */,
				EC0AA070575E3796DC555653 /* Pods */,
				0BF561A4E484157BE4E4DC64 /* Frameworks */,
			);
			sourceTree = "<group>";
		};
		176157DC1D98EC2600B7836E /* Products */ = {
			isa = PBXGroup;
			children = (
				176157DB1D98EC2600B7836E /* Live.app */,
				176157F41D98EC2600B7836E /* LiveTests.xctest */,
				176157FF1D98EC2600B7836E /* LiveUITests.xctest */,
			);
			name = Products;
			sourceTree = "<group>";
		};
		176157DD1D98EC2600B7836E /* Live */ = {
			isa = PBXGroup;
			children = (
				176158111D98EDF400B7836E /* Framework */,
				176157E11D98EC2600B7836E /* AppDelegate.h */,
				176157E21D98EC2600B7836E /* AppDelegate.m */,
				176157E41D98EC2600B7836E /* ViewController.h */,
				176157E51D98EC2600B7836E /* ViewController.m */,
				1761582E1D98FEC300B7836E /* StartLiveController.h */,
				1761582F1D98FEC300B7836E /* StartLiveController.m */,
				176158301D98FEC300B7836E /* StartLiveController.xib */,
				176158331D98FED400B7836E /* WatchLiveController.h */,
				176158341D98FED400B7836E /* WatchLiveController.m */,
				176158351D98FED400B7836E /* WatchLiveController.xib */,
				176157E71D98EC2600B7836E /* Main.storyboard */,
				176157EA1D98EC2600B7836E /* Assets.xcassets */,
				176157EC1D98EC2600B7836E /* LaunchScreen.storyboard */,
				176157EF1D98EC2600B7836E /* Info.plist */,
				176157DE1D98EC2600B7836E /* Supporting Files */,
			);
			path = Live;
			sourceTree = "<group>";
		};
		176157DE1D98EC2600B7836E /* Supporting Files */ = {
			isa = PBXGroup;
			children = (
				176157DF1D98EC2600B7836E /* main.m */,
			);
			name = "Supporting Files";
			sourceTree = "<group>";
		};
		176157F71D98EC2600B7836E /* LiveTests */ = {
			isa = PBXGroup;
			children = (
				176157F81D98EC2600B7836E /* LiveTests.m */,
				176157FA1D98EC2600B7836E /* Info.plist */,
			);
			path = LiveTests;
			sourceTree = "<group>";
		};
		176158021D98EC2600B7836E /* LiveUITests */ = {
			isa = PBXGroup;
			children = (
				176158031D98EC2600B7836E /* LiveUITests.m */,
				176158051D98EC2600B7836E /* Info.plist */,
			);
			path = LiveUITests;
			sourceTree = "<group>";
		};
		176158111D98EDF400B7836E /* Framework */ = {
			isa = PBXGroup;
			children = (
				176158121D98EDF400B7836E /* IJKMediaFramework.framework */,
			);
			path = Framework;
			sourceTree = "<group>";
		};
		EC0AA070575E3796DC555653 /* Pods */ = {
			isa = PBXGroup;
			children = (
				7B058BB22671A6B20C20B94A /* Pods-Live.debug.xcconfig */,
				9192AFE858ED63B80B1BE157 /* Pods-Live.release.xcconfig */,
			);
			name = Pods;
			sourceTree = "<group>";
		};
/* End PBXGroup section */

/* Begin PBXNativeTarget section */
		176157DA1D98EC2600B7836E /* Live */ = {
			isa = PBXNativeTarget;
			buildConfigurationList = 176158081D98EC2600B7836E /* Build configuration list for PBXNativeTarget "Live" */;
			buildPhases = (
				06EE5B19ECDA58855DB6CB5A /* 📦 Check Pods Manifest.lock */,
				176157D71D98EC2600B7836E /* Sources */,
				176157D81D98EC2600B7836E /* Frameworks */,
				176157D91D98EC2600B7836E /* Resources */,
				1D3615C0881E38F97E85EB5C /* 📦 Embed Pods Frameworks */,
				96251CC97C23C1D938FED903 /* 📦 Copy Pods Resources */,
			);
			buildRules = (
			);
			dependencies = (
			);
			name = Live;
			productName = Live;
			productReference = 176157DB1D98EC2600B7836E /* Live.app */;
			productType = "com.apple.product-type.application";
		};
		176157F31D98EC2600B7836E /* LiveTests */ = {
			isa = PBXNativeTarget;
			buildConfigurationList = 1761580B1D98EC2600B7836E /* Build configuration list for PBXNativeTarget "LiveTests" */;
			buildPhases = (
				176157F01D98EC2600B7836E /* Sources */,
				176157F11D98EC2600B7836E /* Frameworks */,
				176157F21D98EC2600B7836E /* Resources */,
			);
			buildRules = (
			);
			dependencies = (
				176157F61D98EC2600B7836E /* PBXTargetDependency */,
			);
			name = LiveTests;
			productName = LiveTests;
			productReference = 176157F41D98EC2600B7836E /* LiveTests.xctest */;
			productType = "com.apple.product-type.bundle.unit-test";
		};
		176157FE1D98EC2600B7836E /* LiveUITests */ = {
			isa = PBXNativeTarget;
			buildConfigurationList = 1761580E1D98EC2600B7836E /* Build configuration list for PBXNativeTarget "LiveUITests" */;
			buildPhases = (
				176157FB1D98EC2600B7836E /* Sources */,
				176157FC1D98EC2600B7836E /* Frameworks */,
				176157FD1D98EC2600B7836E /* Resources */,
			);
			buildRules = (
			);
			dependencies = (
				176158011D98EC2600B7836E /* PBXTargetDependency */,
			);
			name = LiveUITests;
			productName = LiveUITests;
			productReference = 176157FF1D98EC2600B7836E /* LiveUITests.xctest */;
			productType = "com.apple.product-type.bundle.ui-testing";
		};
/* End PBXNativeTarget section */

/* Begin PBXProject section */
		176157D31D98EC2600B7836E /* Project object */ = {
			isa = PBXProject;
			attributes = {
				LastUpgradeCheck = 0720;
				ORGANIZATIONNAME = biqinglin;
				TargetAttributes = {
					176157DA1D98EC2600B7836E = {
						CreatedOnToolsVersion = 7.2;
						DevelopmentTeam = 9QYNYJY68K;
					};
					176157F31D98EC2600B7836E = {
						CreatedOnToolsVersion = 7.2;
						DevelopmentTeam = 9QYNYJY68K;
						TestTargetID = 176157DA1D98EC2600B7836E;
					};
					176157FE1D98EC2600B7836E = {
						CreatedOnToolsVersion = 7.2;
						DevelopmentTeam = 9QYNYJY68K;
						TestTargetID = 176157DA1D98EC2600B7836E;
					};
				};
			};
			buildConfigurationList = 176157D61D98EC2600B7836E /* Build configuration list for PBXProject "Live" */;
			compatibilityVersion = "Xcode 3.2";
			developmentRegion = English;
			hasScannedForEncodings = 0;
			knownRegions = (
				en,
				Base,
			);
			mainGroup = 176157D21D98EC2600B7836E;
			productRefGroup = 176157DC1D98EC2600B7836E /* Products */;
			projectDirPath = "";
			projectRoot = "";
			targets = (
				176157DA1D98EC2600B7836E /* Live */,
				176157F31D98EC2600B7836E /* LiveTests */,
				176157FE1D98EC2600B7836E /* LiveUITests */,
			);
		};
/* End PBXProject section */

/* Begin PBXResourcesBuildPhase section */
		176157D91D98EC2600B7836E /* Resources */ = {
			isa = PBXResourcesBuildPhase;
			buildActionMask = 2147483647;
			files = (
				176157EE1D98EC2600B7836E /* LaunchScreen.storyboard in Resources */,
				176157EB1D98EC2600B7836E /* Assets.xcassets in Resources */,
				176158321D98FEC300B7836E /* StartLiveController.xib in Resources */,
				176158371D98FED400B7836E /* WatchLiveController.xib in Resources */,
				176157E91D98EC2600B7836E /* Main.storyboard in Resources */,
			);
			runOnlyForDeploymentPostprocessing = 0;
		};
		176157F21D98EC2600B7836E /* Resources */ = {
			isa = PBXResourcesBuildPhase;
			buildActionMask = 2147483647;
			files = (
			);
			runOnlyForDeploymentPostprocessing = 0;
		};
		176157FD1D98EC2600B7836E /* Resources */ = {
			isa = PBXResourcesBuildPhase;
			buildActionMask = 2147483647;
			files = (
			);
			runOnlyForDeploymentPostprocessing = 0;
		};
/* End PBXResourcesBuildPhase section */

/* Begin PBXShellScriptBuildPhase section */
		06EE5B19ECDA58855DB6CB5A /* 📦 Check Pods Manifest.lock */ = {
			isa = PBXShellScriptBuildPhase;
			buildActionMask = 2147483647;
			files = (
			);
			inputPaths = (
			);
			name = "📦 Check Pods Manifest.lock";
			outputPaths = (
			);
			runOnlyForDeploymentPostprocessing = 0;
			shellPath = /bin/sh;
			shellScript = "diff \"${PODS_ROOT}/../Podfile.lock\" \"${PODS_ROOT}/Manifest.lock\" > /dev/null\nif [[ $? != 0 ]] ; then\n    cat << EOM\nerror: The sandbox is not in sync with the Podfile.lock. Run 'pod install' or update your CocoaPods installation.\nEOM\n    exit 1\nfi\n";
			showEnvVarsInLog = 0;
		};
		1D3615C0881E38F97E85EB5C /* 📦 Embed Pods Frameworks */ = {
			isa = PBXShellScriptBuildPhase;
			buildActionMask = 2147483647;
			files = (
			);
			inputPaths = (
			);
			name = "📦 Embed Pods Frameworks";
			outputPaths = (
			);
			runOnlyForDeploymentPostprocessing = 0;
			shellPath = /bin/sh;
			shellScript = "\"${SRCROOT}/Pods/Target Support Files/Pods-Live/Pods-Live-frameworks.sh\"\n";
			showEnvVarsInLog = 0;
		};
		96251CC97C23C1D938FED903 /* 📦 Copy Pods Resources */ = {
			isa = PBXShellScriptBuildPhase;
			buildActionMask = 2147483647;
			files = (
			);
			inputPaths = (
			);
			name = "📦 Copy Pods Resources";
			outputPaths = (
			);
			runOnlyForDeploymentPostprocessing = 0;
			shellPath = /bin/sh;
			shellScript = "\"${SRCROOT}/Pods/Target Support Files/Pods-Live/Pods-Live-resources.sh\"\n";
			showEnvVarsInLog = 0;
		};
/* End PBXShellScriptBuildPhase section */

/* Begin PBXSourcesBuildPhase section */
		176157D71D98EC2600B7836E /* Sources */ = {
			isa = PBXSourcesBuildPhase;
			buildActionMask = 2147483647;
			files = (
				176157E61D98EC2600B7836E /* ViewController.m in Sources */,
				176158361D98FED400B7836E /* WatchLiveController.m in Sources */,
				176157E31D98EC2600B7836E /* AppDelegate.m in Sources */,
				176158311D98FEC300B7836E /* StartLiveController.m in Sources */,
				176157E01D98EC2600B7836E /* main.m in Sources */,
			);
			runOnlyForDeploymentPostprocessing = 0;
		};
		176157F01D98EC2600B7836E /* Sources */ = {
			isa = PBXSourcesBuildPhase;
			buildActionMask = 2147483647;
			files = (
				176157F91D98EC2600B7836E /* LiveTests.m in Sources */,
			);
			runOnlyForDeploymentPostprocessing = 0;
		};
		176157FB1D98EC2600B7836E /* Sources */ = {
			isa = PBXSourcesBuildPhase;
			buildActionMask = 2147483647;
			files = (
				176158041D98EC2600B7836E /* LiveUITests.m in Sources */,
			);
			runOnlyForDeploymentPostprocessing = 0;
		};
/* End PBXSourcesBuildPhase section */

/* Begin PBXTargetDependency section */
		176157F61D98EC2600B7836E /* PBXTargetDependency */ = {
			isa = PBXTargetDependency;
			target = 176157DA1D98EC2600B7836E /* Live */;
			targetProxy = 176157F51D98EC2600B7836E /* PBXContainerItemProxy */;
		};
		176158011D98EC2600B7836E /* PBXTargetDependency */ = {
			isa = PBXTargetDependency;
			target = 176157DA1D98EC2600B7836E /* Live */;
			targetProxy = 176158001D98EC2600B7836E /* PBXContainerItemProxy */;
		};
/* End PBXTargetDependency section */

/* Begin PBXVariantGroup section */
		176157E71D98EC2600B7836E /* Main.storyboard */ = {
			isa = PBXVariantGroup;
			children = (
				176157E81D98EC2600B7836E /* Base */,
			);
			name = Main.storyboard;
			sourceTree = "<group>";
		};
		176157EC1D98EC2600B7836E /* LaunchScreen.storyboard */ = {
			isa = PBXVariantGroup;
			children = (
				176157ED1D98EC2600B7836E /* Base */,
			);
			name = LaunchScreen.storyboard;
			sourceTree = "<group>";
		};
/* End PBXVariantGroup section */

/* Begin XCBuildConfiguration section */
		176158061D98EC2600B7836E /* Debug */ = {
			isa = XCBuildConfiguration;
			buildSettings = {
				ALWAYS_SEARCH_USER_PATHS = NO;
				CLANG_CXX_LANGUAGE_STANDARD = "gnu++0x";
				CLANG_CXX_LIBRARY = "libc++";
				CLANG_ENABLE_MODULES = YES;
				CLANG_ENABLE_OBJC_ARC = YES;
				CLANG_WARN_BOOL_CONVERSION = YES;
				CLANG_WARN_CONSTANT_CONVERSION = YES;
				CLANG_WARN_DIRECT_OBJC_ISA_USAGE = YES_ERROR;
				CLANG_WARN_EMPTY_BODY = YES;
				CLANG_WARN_ENUM_CONVERSION = YES;
				CLANG_WARN_INT_CONVERSION = YES;
				CLANG_WARN_OBJC_ROOT_CLASS = YES_ERROR;
				CLANG_WARN_UNREACHABLE_CODE = YES;
				CLANG_WARN__DUPLICATE_METHOD_MATCH = YES;
				"CODE_SIGN_IDENTITY[sdk=iphoneos*]" = "iPhone Developer";
				COPY_PHASE_STRIP = NO;
				DEBUG_INFORMATION_FORMAT = dwarf;
				ENABLE_STRICT_OBJC_MSGSEND = YES;
				ENABLE_TESTABILITY = YES;
				GCC_C_LANGUAGE_STANDARD = gnu99;
				GCC_DYNAMIC_NO_PIC = NO;
				GCC_NO_COMMON_BLOCKS = YES;
				GCC_OPTIMIZATION_LEVEL = 0;
				GCC_PREPROCESSOR_DEFINITIONS = (
					"DEBUG=1",
					"$(inherited)",
				);
				GCC_WARN_64_TO_32_BIT_CONVERSION = YES;
				GCC_WARN_ABOUT_RETURN_TYPE = YES_ERROR;
				GCC_WARN_UNDECLARED_SELECTOR = YES;
				GCC_WARN_UNINITIALIZED_AUTOS = YES_AGGRESSIVE;
				GCC_WARN_UNUSED_FUNCTION = YES;
				GCC_WARN_UNUSED_VARIABLE = YES;
				IPHONEOS_DEPLOYMENT_TARGET = 9.2;
				MTL_ENABLE_DEBUG_INFO = YES;
				ONLY_ACTIVE_ARCH = YES;
				SDKROOT = iphoneos;
				TARGETED_DEVICE_FAMILY = "1,2";
			};
			name = Debug;
		};
		176158071D98EC2600B7836E /* Release */ = {
			isa = XCBuildConfiguration;
			buildSettings = {
				ALWAYS_SEARCH_USER_PATHS = NO;
				CLANG_CXX_LANGUAGE_STANDARD = "gnu++0x";
				CLANG_CXX_LIBRARY = "libc++";
				CLANG_ENABLE_MODULES = YES;
				CLANG_ENABLE_OBJC_ARC = YES;
				CLANG_WARN_BOOL_CONVERSION = YES;
				CLANG_WARN_CONSTANT_CONVERSION = YES;
				CLANG_WARN_DIRECT_OBJC_ISA_USAGE = YES_ERROR;
				CLANG_WARN_EMPTY_BODY = YES;
				CLANG_WARN_ENUM_CONVERSION = YES;
				CLANG_WARN_INT_CONVERSION = YES;
				CLANG_WARN_OBJC_ROOT_CLASS = YES_ERROR;
				CLANG_WARN_UNREACHABLE_CODE = YES;
				CLANG_WARN__DUPLICATE_METHOD_MATCH = YES;
				"CODE_SIGN_IDENTITY[sdk=iphoneos*]" = "iPhone Developer";
				COPY_PHASE_STRIP = NO;
				DEBUG_INFORMATION_FORMAT = "dwarf-with-dsym";
				ENABLE_NS_ASSERTIONS = NO;
				ENABLE_STRICT_OBJC_MSGSEND = YES;
				GCC_C_LANGUAGE_STANDARD = gnu99;
				GCC_NO_COMMON_BLOCKS = YES;
				GCC_WARN_64_TO_32_BIT_CONVERSION = YES;
				GCC_WARN_ABOUT_RETURN_TYPE = YES_ERROR;
				GCC_WARN_UNDECLARED_SELECTOR = YES;
				GCC_WARN_UNINITIALIZED_AUTOS = YES_AGGRESSIVE;
				GCC_WARN_UNUSED_FUNCTION = YES;
				GCC_WARN_UNUSED_VARIABLE = YES;
				IPHONEOS_DEPLOYMENT_TARGET = 9.2;
				MTL_ENABLE_DEBUG_INFO = NO;
				SDKROOT = iphoneos;
				TARGETED_DEVICE_FAMILY = "1,2";
				VALIDATE_PRODUCT = YES;
			};
			name = Release;
		};
		176158091D98EC2600B7836E /* Debug */ = {
			isa = XCBuildConfiguration;
			baseConfigurationReference = 7B058BB22671A6B20C20B94A /* Pods-Live.debug.xcconfig */;
			buildSettings = {
				ASSETCATALOG_COMPILER_APPICON_NAME = AppIcon;
				FRAMEWORK_SEARCH_PATHS = (
					"$(inherited)",
					"$(PROJECT_DIR)/Live/Framework",
				);
				INFOPLIST_FILE = Live/Info.plist;
				IPHONEOS_DEPLOYMENT_TARGET = 8.0;
				LD_RUNPATH_SEARCH_PATHS = "$(inherited) @executable_path/Frameworks";
				PRODUCT_BUNDLE_IDENTIFIER = com.biqinglin.zhanqiTV;
				PRODUCT_NAME = "$(TARGET_NAME)";
			};
			name = Debug;
		};
		1761580A1D98EC2600B7836E /* Release */ = {
			isa = XCBuildConfiguration;
			baseConfigurationReference = 9192AFE858ED63B80B1BE157 /* Pods-Live.release.xcconfig */;
			buildSettings = {
				ASSETCATALOG_COMPILER_APPICON_NAME = AppIcon;
				FRAMEWORK_SEARCH_PATHS = (
					"$(inherited)",
					"$(PROJECT_DIR)/Live/Framework",
				);
				INFOPLIST_FILE = Live/Info.plist;
				IPHONEOS_DEPLOYMENT_TARGET = 8.0;
				LD_RUNPATH_SEARCH_PATHS = "$(inherited) @executable_path/Frameworks";
				PRODUCT_BUNDLE_IDENTIFIER = com.biqinglin.zhanqiTV;
				PRODUCT_NAME = "$(TARGET_NAME)";
			};
			name = Release;
		};
		1761580C1D98EC2600B7836E /* Debug */ = {
			isa = XCBuildConfiguration;
			buildSettings = {
				BUNDLE_LOADER = "$(TEST_HOST)";
				INFOPLIST_FILE = LiveTests/Info.plist;
				LD_RUNPATH_SEARCH_PATHS = "$(inherited) @executable_path/Frameworks @loader_path/Frameworks";
				PRODUCT_BUNDLE_IDENTIFIER = com.biqinglin.LiveTests;
				PRODUCT_NAME = "$(TARGET_NAME)";
				TEST_HOST = "$(BUILT_PRODUCTS_DIR)/Live.app/Live";
			};
			name = Debug;
		};
		1761580D1D98EC2600B7836E /* Release */ = {
			isa = XCBuildConfiguration;
			buildSettings = {
				BUNDLE_LOADER = "$(TEST_HOST)";
				INFOPLIST_FILE = LiveTests/Info.plist;
				LD_RUNPATH_SEARCH_PATHS = "$(inherited) @executable_path/Frameworks @loader_path/Frameworks";
				PRODUCT_BUNDLE_IDENTIFIER = com.biqinglin.LiveTests;
				PRODUCT_NAME = "$(TARGET_NAME)";
				TEST_HOST = "$(BUILT_PRODUCTS_DIR)/Live.app/Live";
			};
			name = Release;
		};
		1761580F1D98EC2600B7836E /* Debug */ = {
			isa = XCBuildConfiguration;
			buildSettings = {
				INFOPLIST_FILE = LiveUITests/Info.plist;
				LD_RUNPATH_SEARCH_PATHS = "$(inherited) @executable_path/Frameworks @loader_path/Frameworks";
				PRODUCT_BUNDLE_IDENTIFIER = com.biqinglin.LiveUITests;
				PRODUCT_NAME = "$(TARGET_NAME)";
				TEST_TARGET_NAME = Live;
				USES_XCTRUNNER = YES;
			};
			name = Debug;
		};
		176158101D98EC2600B7836E /* Release */ = {
			isa = XCBuildConfiguration;
			buildSettings = {
				INFOPLIST_FILE = LiveUITests/Info.plist;
				LD_RUNPATH_SEARCH_PATHS = "$(inherited) @executable_path/Frameworks @loader_path/Frameworks";
				PRODUCT_BUNDLE_IDENTIFIER = com.biqinglin.LiveUITests;
				PRODUCT_NAME = "$(TARGET_NAME)";
				TEST_TARGET_NAME = Live;
				USES_XCTRUNNER = YES;
			};
			name = Release;
		};
/* End XCBuildConfiguration section */

/* Begin XCConfigurationList section */
		176157D61D98EC2600B7836E /* Build configuration list for PBXProject "Live" */ = {
			isa = XCConfigurationList;
			buildConfigurations = (
				176158061D98EC2600B7836E /* Debug */,
				176158071D98EC2600B7836E /* Release */,
			);
			defaultConfigurationIsVisible = 0;
			defaultConfigurationName = Release;
		};
		176158081D98EC2600B7836E /* Build configuration list for PBXNativeTarget "Live" */ = {
			isa = XCConfigurationList;
			buildConfigurations = (
				176158091D98EC2600B7836E /* Debug */,
				1761580A1D98EC2600B7836E /* Release */,
			);
			defaultConfigurationIsVisible = 0;
			defaultConfigurationName = Release;
		};
		1761580B1D98EC2600B7836E /* Build configuration list for PBXNativeTarget "LiveTests" */ = {
			isa = XCConfigurationList;
			buildConfigurations = (
				1761580C1D98EC2600B7836E /* Debug */,
				1761580D1D98EC2600B7836E /* Release */,
			);
			defaultConfigurationIsVisible = 0;
			defaultConfigurationName = Release;
		};
		1761580E1D98EC2600B7836E /* Build configuration list for PBXNativeTarget "LiveUITests" */ = {
			isa = XCConfigurationList;
			buildConfigurations = (
				1761580F1D98EC2600B7836E /* Debug */,
				176158101D98EC2600B7836E /* Release */,
			);
			defaultConfigurationIsVisible = 0;
			defaultConfigurationName = Release;
		};
/* End XCConfigurationList section */
	};
	rootObject = 176157D31D98EC2600B7836E /* Project object */;
}
